
Microsoft Visual Studio Solution File, Format Version 12.00
# Visual Studio Version 17
VisualStudioVersion = 17.0.31903.59
MinimumVisualStudioVersion = 10.0.40219.1
Project("{FAE04EC0-301F-11D3-BF4B-00C04F79EFBC}") = "WebApplication1", "WebApplication1\WebApplication1.csproj", "{FB83FDAB-DB73-4D27-A78A-76F4629A00CF}"
EndProject
Global
	GlobalSection(SolutionConfigurationPlatforms) = preSolution
		Debug|Any CPU = Debug|Any CPU
		Release|Any CPU = Release|Any CPU
	EndGlobalSection
	GlobalSection(ProjectConfigurationPlatforms) = postSolution
		{FB83FDAB-DB73-4D27-A78A-76F4629A00CF}.Debug|Any CPU.ActiveCfg = Debug|Any CPU
		{FB83FDAB-DB73-4D27-A78A-76F4629A00CF}.Debug|Any CPU.Build.0 = Debug|Any CPU
		{FB83FDAB-DB73-4D27-A78A-76F4629A00CF}.Release|Any CPU.ActiveCfg = Release|Any CPU
		{FB83FDAB-DB73-4D27-A78A-76F4629A00CF}.Release|Any CPU.Build.0 = Release|Any CPU
	EndGlobalSection
	GlobalSection(SolutionProperties) = preSolution
		HideSolutionNode = FALSE
	EndGlobalSection
	GlobalSection(ExtensibilityGlobals) = postSolution
		SolutionGuid = {3D297E2D-D4A7-40B5-8030-9D869B3E1F9F}
	EndGlobalSection
EndGlobal
