
Microsoft Visual Studio Solution File, Format Version 12.00
# Visual Studio Version 16
VisualStudioVersion = 16.0.31729.503
MinimumVisualStudioVersion = 10.0.40219.1
Project("{FAE04EC0-301F-11D3-BF4B-00C04F79EFBC}") = "ConsoleApp61", "ConsoleApp61.csproj", "{63AB6906-1A91-41F9-BF93-CC0FE6654223}"
EndProject
Global
	GlobalSection(SolutionConfigurationPlatforms) = preSolution
		Debug|Any CPU = Debug|Any CPU
		Release|Any CPU = Release|Any CPU
	EndGlobalSection
	GlobalSection(ProjectConfigurationPlatforms) = postSolution
		{63AB6906-1A91-41F9-BF93-CC0FE6654223}.Debug|Any CPU.ActiveCfg = Debug|Any CPU
		{63AB6906-1A91-41F9-BF93-CC0FE6654223}.Debug|Any CPU.Build.0 = Debug|Any CPU
		{63AB6906-1A91-41F9-BF93-CC0FE6654223}.Release|Any CPU.ActiveCfg = Release|Any CPU
		{63AB6906-1A91-41F9-BF93-CC0FE6654223}.Release|Any CPU.Build.0 = Release|Any CPU
	EndGlobalSection
	GlobalSection(SolutionProperties) = preSolution
		HideSolutionNode = FALSE
	EndGlobalSection
	GlobalSection(ExtensibilityGlobals) = postSolution
		SolutionGuid = {F12DD27F-663B-4764-B4F2-FE8388D2D69F}
	EndGlobalSection
EndGlobal
