
Microsoft Visual Studio Solution File, Format Version 12.00
# Visual Studio Version 17
VisualStudioVersion = 17.0.31903.59
MinimumVisualStudioVersion = 10.0.40219.1
Project("{FAE04EC0-301F-11D3-BF4B-00C04F79EFBC}") = "ConsoleApp71", "ConsoleApp71\ConsoleApp71.csproj", "{20BE193F-CC13-4362-A53C-D937D9382546}"
EndProject
Global
	GlobalSection(SolutionConfigurationPlatforms) = preSolution
		Debug|Any CPU = Debug|Any CPU
		Release|Any CPU = Release|Any CPU
	EndGlobalSection
	GlobalSection(ProjectConfigurationPlatforms) = postSolution
		{20BE193F-CC13-4362-A53C-D937D9382546}.Debug|Any CPU.ActiveCfg = Debug|Any CPU
		{20BE193F-CC13-4362-A53C-D937D9382546}.Debug|Any CPU.Build.0 = Debug|Any CPU
		{20BE193F-CC13-4362-A53C-D937D9382546}.Release|Any CPU.ActiveCfg = Release|Any CPU
		{20BE193F-CC13-4362-A53C-D937D9382546}.Release|Any CPU.Build.0 = Release|Any CPU
	EndGlobalSection
	GlobalSection(SolutionProperties) = preSolution
		HideSolutionNode = FALSE
	EndGlobalSection
	GlobalSection(ExtensibilityGlobals) = postSolution
		SolutionGuid = {0D5C1A32-E5A2-47E9-94F7-3B096C291A80}
	EndGlobalSection
EndGlobal
