
Microsoft Visual Studio Solution File, Format Version 12.00
# Visual Studio Version 17
VisualStudioVersion = 17.0.31903.59
MinimumVisualStudioVersion = 10.0.40219.1
Project("{FAE04EC0-301F-11D3-BF4B-00C04F79EFBC}") = "ConsoleApp11", "ConsoleApp11\ConsoleApp11.csproj", "{6F757902-E584-4A5D-98AA-1009211B4998}"
EndProject
Global
	GlobalSection(SolutionConfigurationPlatforms) = preSolution
		Debug|Any CPU = Debug|Any CPU
		Release|Any CPU = Release|Any CPU
	EndGlobalSection
	GlobalSection(ProjectConfigurationPlatforms) = postSolution
		{6F757902-E584-4A5D-98AA-1009211B4998}.Debug|Any CPU.ActiveCfg = Debug|Any CPU
		{6F757902-E584-4A5D-98AA-1009211B4998}.Debug|Any CPU.Build.0 = Debug|Any CPU
		{6F757902-E584-4A5D-98AA-1009211B4998}.Release|Any CPU.ActiveCfg = Release|Any CPU
		{6F757902-E584-4A5D-98AA-1009211B4998}.Release|Any CPU.Build.0 = Release|Any CPU
	EndGlobalSection
	GlobalSection(SolutionProperties) = preSolution
		HideSolutionNode = FALSE
	EndGlobalSection
	GlobalSection(ExtensibilityGlobals) = postSolution
		SolutionGuid = {6AEABF39-6834-4420-85BA-7753A7478B82}
	EndGlobalSection
EndGlobal
