
Microsoft Visual Studio Solution File, Format Version 12.00
# Visual Studio Version 17
VisualStudioVersion = 17.0.31903.59
MinimumVisualStudioVersion = 10.0.40219.1
Project("{FAE04EC0-301F-11D3-BF4B-00C04F79EFBC}") = "ConsoleApp7", "ConsoleApp7\ConsoleApp7.csproj", "{F3A329BE-D9AD-4F1E-BC22-A1C8967F0A72}"
EndProject
Global
	GlobalSection(SolutionConfigurationPlatforms) = preSolution
		Debug|Any CPU = Debug|Any CPU
		Release|Any CPU = Release|Any CPU
	EndGlobalSection
	GlobalSection(ProjectConfigurationPlatforms) = postSolution
		{F3A329BE-D9AD-4F1E-BC22-A1C8967F0A72}.Debug|Any CPU.ActiveCfg = Debug|Any CPU
		{F3A329BE-D9AD-4F1E-BC22-A1C8967F0A72}.Debug|Any CPU.Build.0 = Debug|Any CPU
		{F3A329BE-D9AD-4F1E-BC22-A1C8967F0A72}.Release|Any CPU.ActiveCfg = Release|Any CPU
		{F3A329BE-D9AD-4F1E-BC22-A1C8967F0A72}.Release|Any CPU.Build.0 = Release|Any CPU
	EndGlobalSection
	GlobalSection(SolutionProperties) = preSolution
		HideSolutionNode = FALSE
	EndGlobalSection
	GlobalSection(ExtensibilityGlobals) = postSolution
		SolutionGuid = {CA068A4E-708A-4D73-AD62-685DEC93DB9E}
	EndGlobalSection
EndGlobal
