
Microsoft Visual Studio Solution File, Format Version 12.00
# Visual Studio Version 16
VisualStudioVersion = 16.0.31729.503
MinimumVisualStudioVersion = 10.0.40219.1
Project("{FAE04EC0-301F-11D3-BF4B-00C04F79EFBC}") = "ConsoleApp13", "ConsoleApp13.csproj", "{9D76C6AB-3149-44E8-B56C-4E16EFE4B6A5}"
EndProject
Global
	GlobalSection(SolutionConfigurationPlatforms) = preSolution
		Debug|Any CPU = Debug|Any CPU
		Release|Any CPU = Release|Any CPU
	EndGlobalSection
	GlobalSection(ProjectConfigurationPlatforms) = postSolution
		{9D76C6AB-3149-44E8-B56C-4E16EFE4B6A5}.Debug|Any CPU.ActiveCfg = Debug|Any CPU
		{9D76C6AB-3149-44E8-B56C-4E16EFE4B6A5}.Debug|Any CPU.Build.0 = Debug|Any CPU
		{9D76C6AB-3149-44E8-B56C-4E16EFE4B6A5}.Release|Any CPU.ActiveCfg = Release|Any CPU
		{9D76C6AB-3149-44E8-B56C-4E16EFE4B6A5}.Release|Any CPU.Build.0 = Release|Any CPU
	EndGlobalSection
	GlobalSection(SolutionProperties) = preSolution
		HideSolutionNode = FALSE
	EndGlobalSection
	GlobalSection(ExtensibilityGlobals) = postSolution
		SolutionGuid = {76EA7758-8D48-405B-ACBE-D14A4254C7AC}
	EndGlobalSection
EndGlobal
