
Microsoft Visual Studio Solution File, Format Version 12.00
# Visual Studio Version 17
VisualStudioVersion = 17.0.31903.59
MinimumVisualStudioVersion = 10.0.40219.1
Project("{FAE04EC0-301F-11D3-BF4B-00C04F79EFBC}") = "ConsoleApp18", "ConsoleApp18\ConsoleApp18.csproj", "{62153292-C93C-475F-8684-077B7B8A303A}"
EndProject
Global
	GlobalSection(SolutionConfigurationPlatforms) = preSolution
		Debug|Any CPU = Debug|Any CPU
		Release|Any CPU = Release|Any CPU
	EndGlobalSection
	GlobalSection(ProjectConfigurationPlatforms) = postSolution
		{62153292-C93C-475F-8684-077B7B8A303A}.Debug|Any CPU.ActiveCfg = Debug|Any CPU
		{62153292-C93C-475F-8684-077B7B8A303A}.Debug|Any CPU.Build.0 = Debug|Any CPU
		{62153292-C93C-475F-8684-077B7B8A303A}.Release|Any CPU.ActiveCfg = Release|Any CPU
		{62153292-C93C-475F-8684-077B7B8A303A}.Release|Any CPU.Build.0 = Release|Any CPU
	EndGlobalSection
	GlobalSection(SolutionProperties) = preSolution
		HideSolutionNode = FALSE
	EndGlobalSection
	GlobalSection(ExtensibilityGlobals) = postSolution
		SolutionGuid = {2487AEED-7122-46D5-9496-D88DD0DAAF42}
	EndGlobalSection
EndGlobal
