
Microsoft Visual Studio Solution File, Format Version 12.00
# Visual Studio Version 17
VisualStudioVersion = 17.0.31903.59
MinimumVisualStudioVersion = 10.0.40219.1
Project("{FAE04EC0-301F-11D3-BF4B-00C04F79EFBC}") = "ConsoleApp22", "ConsoleApp22\ConsoleApp22.csproj", "{54E1F9B9-7F06-4111-92D2-36F04E2ACFB1}"
EndProject
Global
	GlobalSection(SolutionConfigurationPlatforms) = preSolution
		Debug|Any CPU = Debug|Any CPU
		Release|Any CPU = Release|Any CPU
	EndGlobalSection
	GlobalSection(ProjectConfigurationPlatforms) = postSolution
		{54E1F9B9-7F06-4111-92D2-36F04E2ACFB1}.Debug|Any CPU.ActiveCfg = Debug|Any CPU
		{54E1F9B9-7F06-4111-92D2-36F04E2ACFB1}.Debug|Any CPU.Build.0 = Debug|Any CPU
		{54E1F9B9-7F06-4111-92D2-36F04E2ACFB1}.Release|Any CPU.ActiveCfg = Release|Any CPU
		{54E1F9B9-7F06-4111-92D2-36F04E2ACFB1}.Release|Any CPU.Build.0 = Release|Any CPU
	EndGlobalSection
	GlobalSection(SolutionProperties) = preSolution
		HideSolutionNode = FALSE
	EndGlobalSection
	GlobalSection(ExtensibilityGlobals) = postSolution
		SolutionGuid = {786BC29B-D3D7-4A59-BDF6-A1C3E6338F81}
	EndGlobalSection
EndGlobal
