
Microsoft Visual Studio Solution File, Format Version 12.00
# Visual Studio Version 16
VisualStudioVersion = 16.0.31729.503
MinimumVisualStudioVersion = 10.0.40219.1
Project("{FAE04EC0-301F-11D3-BF4B-00C04F79EFBC}") = "ConsoleApp14", "ConsoleApp14.csproj", "{F472510A-ECEC-488F-8920-6AF42518299B}"
EndProject
Global
	GlobalSection(SolutionConfigurationPlatforms) = preSolution
		Debug|Any CPU = Debug|Any CPU
		Release|Any CPU = Release|Any CPU
	EndGlobalSection
	GlobalSection(ProjectConfigurationPlatforms) = postSolution
		{F472510A-ECEC-488F-8920-6AF42518299B}.Debug|Any CPU.ActiveCfg = Debug|Any CPU
		{F472510A-ECEC-488F-8920-6AF42518299B}.Debug|Any CPU.Build.0 = Debug|Any CPU
		{F472510A-ECEC-488F-8920-6AF42518299B}.Release|Any CPU.ActiveCfg = Release|Any CPU
		{F472510A-ECEC-488F-8920-6AF42518299B}.Release|Any CPU.Build.0 = Release|Any CPU
	EndGlobalSection
	GlobalSection(SolutionProperties) = preSolution
		HideSolutionNode = FALSE
	EndGlobalSection
	GlobalSection(ExtensibilityGlobals) = postSolution
		SolutionGuid = {1EB2FC48-1E30-4E51-B41F-E182E6D43EF2}
	EndGlobalSection
EndGlobal
