
Microsoft Visual Studio Solution File, Format Version 12.00
# Visual Studio Version 16
VisualStudioVersion = 16.0.31729.503
MinimumVisualStudioVersion = 10.0.40219.1
Project("{FAE04EC0-301F-11D3-BF4B-00C04F79EFBC}") = "ConsoleApp15", "ConsoleApp15.csproj", "{134D45D0-D37D-4503-8392-04F73F332224}"
EndProject
Global
	GlobalSection(SolutionConfigurationPlatforms) = preSolution
		Debug|Any CPU = Debug|Any CPU
		Release|Any CPU = Release|Any CPU
	EndGlobalSection
	GlobalSection(ProjectConfigurationPlatforms) = postSolution
		{134D45D0-D37D-4503-8392-04F73F332224}.Debug|Any CPU.ActiveCfg = Debug|Any CPU
		{134D45D0-D37D-4503-8392-04F73F332224}.Debug|Any CPU.Build.0 = Debug|Any CPU
		{134D45D0-D37D-4503-8392-04F73F332224}.Release|Any CPU.ActiveCfg = Release|Any CPU
		{134D45D0-D37D-4503-8392-04F73F332224}.Release|Any CPU.Build.0 = Release|Any CPU
	EndGlobalSection
	GlobalSection(SolutionProperties) = preSolution
		HideSolutionNode = FALSE
	EndGlobalSection
	GlobalSection(ExtensibilityGlobals) = postSolution
		SolutionGuid = {46ABBB8F-85B2-4411-9841-69E90A5EF6EA}
	EndGlobalSection
EndGlobal
