
Microsoft Visual Studio Solution File, Format Version 12.00
# Visual Studio Version 17
VisualStudioVersion = 17.0.31903.59
MinimumVisualStudioVersion = 10.0.40219.1
Project("{FAE04EC0-301F-11D3-BF4B-00C04F79EFBC}") = "ConsoleApp30", "ConsoleApp30\ConsoleApp30.csproj", "{F81D0BE4-AA2B-49F8-AED0-8400EE21E7C1}"
EndProject
Global
	GlobalSection(SolutionConfigurationPlatforms) = preSolution
		Debug|Any CPU = Debug|Any CPU
		Release|Any CPU = Release|Any CPU
	EndGlobalSection
	GlobalSection(ProjectConfigurationPlatforms) = postSolution
		{F81D0BE4-AA2B-49F8-AED0-8400EE21E7C1}.Debug|Any CPU.ActiveCfg = Debug|Any CPU
		{F81D0BE4-AA2B-49F8-AED0-8400EE21E7C1}.Debug|Any CPU.Build.0 = Debug|Any CPU
		{F81D0BE4-AA2B-49F8-AED0-8400EE21E7C1}.Release|Any CPU.ActiveCfg = Release|Any CPU
		{F81D0BE4-AA2B-49F8-AED0-8400EE21E7C1}.Release|Any CPU.Build.0 = Release|Any CPU
	EndGlobalSection
	GlobalSection(SolutionProperties) = preSolution
		HideSolutionNode = FALSE
	EndGlobalSection
	GlobalSection(ExtensibilityGlobals) = postSolution
		SolutionGuid = {344204C4-C188-47EC-9220-8273800A6BC9}
	EndGlobalSection
EndGlobal
