
Microsoft Visual Studio Solution File, Format Version 12.00
# Visual Studio Version 16
VisualStudioVersion = 16.0.31729.503
MinimumVisualStudioVersion = 10.0.40219.1
Project("{FAE04EC0-301F-11D3-BF4B-00C04F79EFBC}") = "ConsoleApp32", "ConsoleApp32.csproj", "{5398EA26-0FD4-4C34-895F-25A328FDA475}"
EndProject
Global
	GlobalSection(SolutionConfigurationPlatforms) = preSolution
		Debug|Any CPU = Debug|Any CPU
		Release|Any CPU = Release|Any CPU
	EndGlobalSection
	GlobalSection(ProjectConfigurationPlatforms) = postSolution
		{5398EA26-0FD4-4C34-895F-25A328FDA475}.Debug|Any CPU.ActiveCfg = Debug|Any CPU
		{5398EA26-0FD4-4C34-895F-25A328FDA475}.Debug|Any CPU.Build.0 = Debug|Any CPU
		{5398EA26-0FD4-4C34-895F-25A328FDA475}.Release|Any CPU.ActiveCfg = Release|Any CPU
		{5398EA26-0FD4-4C34-895F-25A328FDA475}.Release|Any CPU.Build.0 = Release|Any CPU
	EndGlobalSection
	GlobalSection(SolutionProperties) = preSolution
		HideSolutionNode = FALSE
	EndGlobalSection
	GlobalSection(ExtensibilityGlobals) = postSolution
		SolutionGuid = {4A0A485B-2419-408A-9C2B-DE115F836A52}
	EndGlobalSection
EndGlobal
