
Microsoft Visual Studio Solution File, Format Version 12.00
# Visual Studio Version 17
VisualStudioVersion = 17.0.31903.59
MinimumVisualStudioVersion = 10.0.40219.1
Project("{FAE04EC0-301F-11D3-BF4B-00C04F79EFBC}") = "ConsoleApp36", "ConsoleApp36\ConsoleApp36.csproj", "{3421AF25-EB64-48CF-A800-F1ED9432E167}"
EndProject
Global
	GlobalSection(SolutionConfigurationPlatforms) = preSolution
		Debug|Any CPU = Debug|Any CPU
		Release|Any CPU = Release|Any CPU
	EndGlobalSection
	GlobalSection(ProjectConfigurationPlatforms) = postSolution
		{3421AF25-EB64-48CF-A800-F1ED9432E167}.Debug|Any CPU.ActiveCfg = Debug|Any CPU
		{3421AF25-EB64-48CF-A800-F1ED9432E167}.Debug|Any CPU.Build.0 = Debug|Any CPU
		{3421AF25-EB64-48CF-A800-F1ED9432E167}.Release|Any CPU.ActiveCfg = Release|Any CPU
		{3421AF25-EB64-48CF-A800-F1ED9432E167}.Release|Any CPU.Build.0 = Release|Any CPU
	EndGlobalSection
	GlobalSection(SolutionProperties) = preSolution
		HideSolutionNode = FALSE
	EndGlobalSection
	GlobalSection(ExtensibilityGlobals) = postSolution
		SolutionGuid = {35AF5C24-4CFB-44C2-9EF7-59A83B00329E}
	EndGlobalSection
EndGlobal
