
Microsoft Visual Studio Solution File, Format Version 12.00
# Visual Studio Version 16
VisualStudioVersion = 16.0.31729.503
MinimumVisualStudioVersion = 10.0.40219.1
Project("{8BC9CEB8-8B4A-11D0-8D11-00A0C91BC942}") = "irena3", "irena3\irena3.vcxproj", "{5C8AC476-4E3D-4B01-84D8-AD530D1F9A95}"
EndProject
Global
	GlobalSection(SolutionConfigurationPlatforms) = preSolution
		Debug|x64 = Debug|x64
		Debug|x86 = Debug|x86
		Release|x64 = Release|x64
		Release|x86 = Release|x86
	EndGlobalSection
	GlobalSection(ProjectConfigurationPlatforms) = postSolution
		{5C8AC476-4E3D-4B01-84D8-AD530D1F9A95}.Debug|x64.ActiveCfg = Debug|x64
		{5C8AC476-4E3D-4B01-84D8-AD530D1F9A95}.Debug|x64.Build.0 = Debug|x64
		{5C8AC476-4E3D-4B01-84D8-AD530D1F9A95}.Debug|x86.ActiveCfg = Debug|Win32
		{5C8AC476-4E3D-4B01-84D8-AD530D1F9A95}.Debug|x86.Build.0 = Debug|Win32
		{5C8AC476-4E3D-4B01-84D8-AD530D1F9A95}.Release|x64.ActiveCfg = Release|x64
		{5C8AC476-4E3D-4B01-84D8-AD530D1F9A95}.Release|x64.Build.0 = Release|x64
		{5C8AC476-4E3D-4B01-84D8-AD530D1F9A95}.Release|x86.ActiveCfg = Release|Win32
		{5C8AC476-4E3D-4B01-84D8-AD530D1F9A95}.Release|x86.Build.0 = Release|Win32
	EndGlobalSection
	GlobalSection(SolutionProperties) = preSolution
		HideSolutionNode = FALSE
	EndGlobalSection
	GlobalSection(ExtensibilityGlobals) = postSolution
		SolutionGuid = {4C556C5C-9B18-49CE-9640-E81392DD6CCC}
	EndGlobalSection
EndGlobal
