
Microsoft Visual Studio Solution File, Format Version 12.00
# Visual Studio Version 17
VisualStudioVersion = 17.0.31903.59
MinimumVisualStudioVersion = 10.0.40219.1
Project("{FAE04EC0-301F-11D3-BF4B-00C04F79EFBC}") = "ConsoleApp65", "ConsoleApp65\ConsoleApp65.csproj", "{B64E44C0-49D6-4297-93D2-FA775711C5D0}"
EndProject
Global
	GlobalSection(SolutionConfigurationPlatforms) = preSolution
		Debug|Any CPU = Debug|Any CPU
		Release|Any CPU = Release|Any CPU
	EndGlobalSection
	GlobalSection(ProjectConfigurationPlatforms) = postSolution
		{B64E44C0-49D6-4297-93D2-FA775711C5D0}.Debug|Any CPU.ActiveCfg = Debug|Any CPU
		{B64E44C0-49D6-4297-93D2-FA775711C5D0}.Debug|Any CPU.Build.0 = Debug|Any CPU
		{B64E44C0-49D6-4297-93D2-FA775711C5D0}.Release|Any CPU.ActiveCfg = Release|Any CPU
		{B64E44C0-49D6-4297-93D2-FA775711C5D0}.Release|Any CPU.Build.0 = Release|Any CPU
	EndGlobalSection
	GlobalSection(SolutionProperties) = preSolution
		HideSolutionNode = FALSE
	EndGlobalSection
	GlobalSection(ExtensibilityGlobals) = postSolution
		SolutionGuid = {5AA522C0-4824-425B-8BBC-645802C7C6F1}
	EndGlobalSection
EndGlobal
