
Microsoft Visual Studio Solution File, Format Version 12.00
# Visual Studio Version 16
VisualStudioVersion = 16.0.31729.503
MinimumVisualStudioVersion = 10.0.40219.1
Project("{FAE04EC0-301F-11D3-BF4B-00C04F79EFBC}") = "ConsoleApp30", "ConsoleApp30.csproj", "{0C68D66C-5F6E-4906-85FA-C879A70075D3}"
EndProject
Global
	GlobalSection(SolutionConfigurationPlatforms) = preSolution
		Debug|Any CPU = Debug|Any CPU
		Release|Any CPU = Release|Any CPU
	EndGlobalSection
	GlobalSection(ProjectConfigurationPlatforms) = postSolution
		{0C68D66C-5F6E-4906-85FA-C879A70075D3}.Debug|Any CPU.ActiveCfg = Debug|Any CPU
		{0C68D66C-5F6E-4906-85FA-C879A70075D3}.Debug|Any CPU.Build.0 = Debug|Any CPU
		{0C68D66C-5F6E-4906-85FA-C879A70075D3}.Release|Any CPU.ActiveCfg = Release|Any CPU
		{0C68D66C-5F6E-4906-85FA-C879A70075D3}.Release|Any CPU.Build.0 = Release|Any CPU
	EndGlobalSection
	GlobalSection(SolutionProperties) = preSolution
		HideSolutionNode = FALSE
	EndGlobalSection
	GlobalSection(ExtensibilityGlobals) = postSolution
		SolutionGuid = {93B1BAC7-8E6D-440F-B42B-90A5B2D4349C}
	EndGlobalSection
EndGlobal
