
Microsoft Visual Studio Solution File, Format Version 12.00
# Visual Studio Version 16
VisualStudioVersion = 16.0.31729.503
MinimumVisualStudioVersion = 10.0.40219.1
Project("{FAE04EC0-301F-11D3-BF4B-00C04F79EFBC}") = "ConsoleApp1", "ConsoleApp1.csproj", "{3085771C-2984-4779-9D75-BDDCBB519406}"
EndProject
Global
	GlobalSection(SolutionConfigurationPlatforms) = preSolution
		Debug|Any CPU = Debug|Any CPU
		Release|Any CPU = Release|Any CPU
	EndGlobalSection
	GlobalSection(ProjectConfigurationPlatforms) = postSolution
		{3085771C-2984-4779-9D75-BDDCBB519406}.Debug|Any CPU.ActiveCfg = Debug|Any CPU
		{3085771C-2984-4779-9D75-BDDCBB519406}.Debug|Any CPU.Build.0 = Debug|Any CPU
		{3085771C-2984-4779-9D75-BDDCBB519406}.Release|Any CPU.ActiveCfg = Release|Any CPU
		{3085771C-2984-4779-9D75-BDDCBB519406}.Release|Any CPU.Build.0 = Release|Any CPU
	EndGlobalSection
	GlobalSection(SolutionProperties) = preSolution
		HideSolutionNode = FALSE
	EndGlobalSection
	GlobalSection(ExtensibilityGlobals) = postSolution
		SolutionGuid = {DC0814B2-AE8E-408F-808D-6AC4DC8B5AE2}
	EndGlobalSection
EndGlobal
