
Microsoft Visual Studio Solution File, Format Version 12.00
# Visual Studio Version 16
VisualStudioVersion = 16.0.31729.503
MinimumVisualStudioVersion = 10.0.40219.1
Project("{FAE04EC0-301F-11D3-BF4B-00C04F79EFBC}") = "ConsoleApp45", "ConsoleApp45.csproj", "{BCF3BEED-8216-41FE-92A5-950D2D1B53DE}"
EndProject
Global
	GlobalSection(SolutionConfigurationPlatforms) = preSolution
		Debug|Any CPU = Debug|Any CPU
		Release|Any CPU = Release|Any CPU
	EndGlobalSection
	GlobalSection(ProjectConfigurationPlatforms) = postSolution
		{BCF3BEED-8216-41FE-92A5-950D2D1B53DE}.Debug|Any CPU.ActiveCfg = Debug|Any CPU
		{BCF3BEED-8216-41FE-92A5-950D2D1B53DE}.Debug|Any CPU.Build.0 = Debug|Any CPU
		{BCF3BEED-8216-41FE-92A5-950D2D1B53DE}.Release|Any CPU.ActiveCfg = Release|Any CPU
		{BCF3BEED-8216-41FE-92A5-950D2D1B53DE}.Release|Any CPU.Build.0 = Release|Any CPU
	EndGlobalSection
	GlobalSection(SolutionProperties) = preSolution
		HideSolutionNode = FALSE
	EndGlobalSection
	GlobalSection(ExtensibilityGlobals) = postSolution
		SolutionGuid = {9386E63C-4A2E-4004-95FD-F9FE6CA2BEFD}
	EndGlobalSection
EndGlobal
