
Microsoft Visual Studio Solution File, Format Version 12.00
# Visual Studio Version 16
VisualStudioVersion = 16.0.31729.503
MinimumVisualStudioVersion = 10.0.40219.1
Project("{FAE04EC0-301F-11D3-BF4B-00C04F79EFBC}") = "ConsoleApp67", "ConsoleApp67.csproj", "{AD44357A-2FEE-4491-84F6-86DCD4FC2F7E}"
EndProject
Global
	GlobalSection(SolutionConfigurationPlatforms) = preSolution
		Debug|Any CPU = Debug|Any CPU
		Release|Any CPU = Release|Any CPU
	EndGlobalSection
	GlobalSection(ProjectConfigurationPlatforms) = postSolution
		{AD44357A-2FEE-4491-84F6-86DCD4FC2F7E}.Debug|Any CPU.ActiveCfg = Debug|Any CPU
		{AD44357A-2FEE-4491-84F6-86DCD4FC2F7E}.Debug|Any CPU.Build.0 = Debug|Any CPU
		{AD44357A-2FEE-4491-84F6-86DCD4FC2F7E}.Release|Any CPU.ActiveCfg = Release|Any CPU
		{AD44357A-2FEE-4491-84F6-86DCD4FC2F7E}.Release|Any CPU.Build.0 = Release|Any CPU
	EndGlobalSection
	GlobalSection(SolutionProperties) = preSolution
		HideSolutionNode = FALSE
	EndGlobalSection
	GlobalSection(ExtensibilityGlobals) = postSolution
		SolutionGuid = {9D3FC4ED-8AE5-4822-9D07-1189BD3F5FEC}
	EndGlobalSection
EndGlobal
