
Microsoft Visual Studio Solution File, Format Version 12.00
# Visual Studio Version 16
VisualStudioVersion = 16.0.31729.503
MinimumVisualStudioVersion = 10.0.40219.1
Project("{8BC9CEB8-8B4A-11D0-8D11-00A0C91BC942}") = "Zadacha11", "Zadacha11\Zadacha11.vcxproj", "{84009569-8F9A-4606-B98E-D677C9EEEAE4}"
EndProject
Global
	GlobalSection(SolutionConfigurationPlatforms) = preSolution
		Debug|x64 = Debug|x64
		Debug|x86 = Debug|x86
		Release|x64 = Release|x64
		Release|x86 = Release|x86
	EndGlobalSection
	GlobalSection(ProjectConfigurationPlatforms) = postSolution
		{84009569-8F9A-4606-B98E-D677C9EEEAE4}.Debug|x64.ActiveCfg = Debug|x64
		{84009569-8F9A-4606-B98E-D677C9EEEAE4}.Debug|x64.Build.0 = Debug|x64
		{84009569-8F9A-4606-B98E-D677C9EEEAE4}.Debug|x86.ActiveCfg = Debug|Win32
		{84009569-8F9A-4606-B98E-D677C9EEEAE4}.Debug|x86.Build.0 = Debug|Win32
		{84009569-8F9A-4606-B98E-D677C9EEEAE4}.Release|x64.ActiveCfg = Release|x64
		{84009569-8F9A-4606-B98E-D677C9EEEAE4}.Release|x64.Build.0 = Release|x64
		{84009569-8F9A-4606-B98E-D677C9EEEAE4}.Release|x86.ActiveCfg = Release|Win32
		{84009569-8F9A-4606-B98E-D677C9EEEAE4}.Release|x86.Build.0 = Release|Win32
	EndGlobalSection
	GlobalSection(SolutionProperties) = preSolution
		HideSolutionNode = FALSE
	EndGlobalSection
	GlobalSection(ExtensibilityGlobals) = postSolution
		SolutionGuid = {CADB0919-5D38-4378-B6DB-F6DD25BBAA86}
	EndGlobalSection
EndGlobal
