
Microsoft Visual Studio Solution File, Format Version 12.00
# Visual Studio Version 17
VisualStudioVersion = 17.0.31903.59
MinimumVisualStudioVersion = 10.0.40219.1
Project("{FAE04EC0-301F-11D3-BF4B-00C04F79EFBC}") = "ConsoleApp5", "ConsoleApp5\ConsoleApp5.csproj", "{77B9BAEC-4A6E-41B9-8E46-BCD9F4149DCB}"
EndProject
Global
	GlobalSection(SolutionConfigurationPlatforms) = preSolution
		Debug|Any CPU = Debug|Any CPU
		Release|Any CPU = Release|Any CPU
	EndGlobalSection
	GlobalSection(ProjectConfigurationPlatforms) = postSolution
		{77B9BAEC-4A6E-41B9-8E46-BCD9F4149DCB}.Debug|Any CPU.ActiveCfg = Debug|Any CPU
		{77B9BAEC-4A6E-41B9-8E46-BCD9F4149DCB}.Debug|Any CPU.Build.0 = Debug|Any CPU
		{77B9BAEC-4A6E-41B9-8E46-BCD9F4149DCB}.Release|Any CPU.ActiveCfg = Release|Any CPU
		{77B9BAEC-4A6E-41B9-8E46-BCD9F4149DCB}.Release|Any CPU.Build.0 = Release|Any CPU
	EndGlobalSection
	GlobalSection(SolutionProperties) = preSolution
		HideSolutionNode = FALSE
	EndGlobalSection
	GlobalSection(ExtensibilityGlobals) = postSolution
		SolutionGuid = {D40BB8F0-0110-4CFF-B1E0-A43F26E25EA2}
	EndGlobalSection
EndGlobal
