
Microsoft Visual Studio Solution File, Format Version 12.00
# Visual Studio Version 16
VisualStudioVersion = 16.0.31729.503
MinimumVisualStudioVersion = 10.0.40219.1
Project("{FAE04EC0-301F-11D3-BF4B-00C04F79EFBC}") = "ConsoleApp10", "ConsoleApp10.csproj", "{BDD64056-214C-4FB2-A421-7B606D671CCE}"
EndProject
Global
	GlobalSection(SolutionConfigurationPlatforms) = preSolution
		Debug|Any CPU = Debug|Any CPU
		Release|Any CPU = Release|Any CPU
	EndGlobalSection
	GlobalSection(ProjectConfigurationPlatforms) = postSolution
		{BDD64056-214C-4FB2-A421-7B606D671CCE}.Debug|Any CPU.ActiveCfg = Debug|Any CPU
		{BDD64056-214C-4FB2-A421-7B606D671CCE}.Debug|Any CPU.Build.0 = Debug|Any CPU
		{BDD64056-214C-4FB2-A421-7B606D671CCE}.Release|Any CPU.ActiveCfg = Release|Any CPU
		{BDD64056-214C-4FB2-A421-7B606D671CCE}.Release|Any CPU.Build.0 = Release|Any CPU
	EndGlobalSection
	GlobalSection(SolutionProperties) = preSolution
		HideSolutionNode = FALSE
	EndGlobalSection
	GlobalSection(ExtensibilityGlobals) = postSolution
		SolutionGuid = {9CB99214-7794-44F3-8717-65A56BA73D28}
	EndGlobalSection
EndGlobal
