
Microsoft Visual Studio Solution File, Format Version 12.00
# Visual Studio Version 17
VisualStudioVersion = 17.0.31903.59
MinimumVisualStudioVersion = 10.0.40219.1
Project("{FAE04EC0-301F-11D3-BF4B-00C04F79EFBC}") = "ConsoleApp56", "ConsoleApp56\ConsoleApp56.csproj", "{E92133E8-A9C9-4CB7-871F-F0594D483471}"
EndProject
Global
	GlobalSection(SolutionConfigurationPlatforms) = preSolution
		Debug|Any CPU = Debug|Any CPU
		Release|Any CPU = Release|Any CPU
	EndGlobalSection
	GlobalSection(ProjectConfigurationPlatforms) = postSolution
		{E92133E8-A9C9-4CB7-871F-F0594D483471}.Debug|Any CPU.ActiveCfg = Debug|Any CPU
		{E92133E8-A9C9-4CB7-871F-F0594D483471}.Debug|Any CPU.Build.0 = Debug|Any CPU
		{E92133E8-A9C9-4CB7-871F-F0594D483471}.Release|Any CPU.ActiveCfg = Release|Any CPU
		{E92133E8-A9C9-4CB7-871F-F0594D483471}.Release|Any CPU.Build.0 = Release|Any CPU
	EndGlobalSection
	GlobalSection(SolutionProperties) = preSolution
		HideSolutionNode = FALSE
	EndGlobalSection
	GlobalSection(ExtensibilityGlobals) = postSolution
		SolutionGuid = {3A7427A4-6453-48E4-9279-B00927491C37}
	EndGlobalSection
EndGlobal
