
Microsoft Visual Studio Solution File, Format Version 12.00
# Visual Studio Version 17
VisualStudioVersion = 17.0.31903.59
MinimumVisualStudioVersion = 10.0.40219.1
Project("{FAE04EC0-301F-11D3-BF4B-00C04F79EFBC}") = "ConsoleApp69", "ConsoleApp69\ConsoleApp69.csproj", "{30486DEA-6C6E-4531-A1EE-8C80DB815123}"
EndProject
Global
	GlobalSection(SolutionConfigurationPlatforms) = preSolution
		Debug|Any CPU = Debug|Any CPU
		Release|Any CPU = Release|Any CPU
	EndGlobalSection
	GlobalSection(ProjectConfigurationPlatforms) = postSolution
		{30486DEA-6C6E-4531-A1EE-8C80DB815123}.Debug|Any CPU.ActiveCfg = Debug|Any CPU
		{30486DEA-6C6E-4531-A1EE-8C80DB815123}.Debug|Any CPU.Build.0 = Debug|Any CPU
		{30486DEA-6C6E-4531-A1EE-8C80DB815123}.Release|Any CPU.ActiveCfg = Release|Any CPU
		{30486DEA-6C6E-4531-A1EE-8C80DB815123}.Release|Any CPU.Build.0 = Release|Any CPU
	EndGlobalSection
	GlobalSection(SolutionProperties) = preSolution
		HideSolutionNode = FALSE
	EndGlobalSection
	GlobalSection(ExtensibilityGlobals) = postSolution
		SolutionGuid = {5CC03CD5-D21B-4652-A4CD-A34F291502E0}
	EndGlobalSection
EndGlobal
