
Microsoft Visual Studio Solution File, Format Version 12.00
# Visual Studio Version 16
VisualStudioVersion = 16.0.31729.503
MinimumVisualStudioVersion = 10.0.40219.1
Project("{FAE04EC0-301F-11D3-BF4B-00C04F79EFBC}") = "ConsoleApp50", "ConsoleApp50.csproj", "{11033BFC-1B3D-4B6F-B433-0D750BC13EFC}"
EndProject
Global
	GlobalSection(SolutionConfigurationPlatforms) = preSolution
		Debug|Any CPU = Debug|Any CPU
		Release|Any CPU = Release|Any CPU
	EndGlobalSection
	GlobalSection(ProjectConfigurationPlatforms) = postSolution
		{11033BFC-1B3D-4B6F-B433-0D750BC13EFC}.Debug|Any CPU.ActiveCfg = Debug|Any CPU
		{11033BFC-1B3D-4B6F-B433-0D750BC13EFC}.Debug|Any CPU.Build.0 = Debug|Any CPU
		{11033BFC-1B3D-4B6F-B433-0D750BC13EFC}.Release|Any CPU.ActiveCfg = Release|Any CPU
		{11033BFC-1B3D-4B6F-B433-0D750BC13EFC}.Release|Any CPU.Build.0 = Release|Any CPU
	EndGlobalSection
	GlobalSection(SolutionProperties) = preSolution
		HideSolutionNode = FALSE
	EndGlobalSection
	GlobalSection(ExtensibilityGlobals) = postSolution
		SolutionGuid = {F4CBC1BC-B312-4DD3-8170-613FC213B060}
	EndGlobalSection
EndGlobal
