
Microsoft Visual Studio Solution File, Format Version 12.00
# Visual Studio Version 16
VisualStudioVersion = 16.0.31729.503
MinimumVisualStudioVersion = 10.0.40219.1
Project("{FAE04EC0-301F-11D3-BF4B-00C04F79EFBC}") = "ConsoleApp5", "ConsoleApp5.csproj", "{5DE67C85-3BBC-4235-9A3D-E637DA302FF2}"
EndProject
Global
	GlobalSection(SolutionConfigurationPlatforms) = preSolution
		Debug|Any CPU = Debug|Any CPU
		Release|Any CPU = Release|Any CPU
	EndGlobalSection
	GlobalSection(ProjectConfigurationPlatforms) = postSolution
		{5DE67C85-3BBC-4235-9A3D-E637DA302FF2}.Debug|Any CPU.ActiveCfg = Debug|Any CPU
		{5DE67C85-3BBC-4235-9A3D-E637DA302FF2}.Debug|Any CPU.Build.0 = Debug|Any CPU
		{5DE67C85-3BBC-4235-9A3D-E637DA302FF2}.Release|Any CPU.ActiveCfg = Release|Any CPU
		{5DE67C85-3BBC-4235-9A3D-E637DA302FF2}.Release|Any CPU.Build.0 = Release|Any CPU
	EndGlobalSection
	GlobalSection(SolutionProperties) = preSolution
		HideSolutionNode = FALSE
	EndGlobalSection
	GlobalSection(ExtensibilityGlobals) = postSolution
		SolutionGuid = {12DB8F97-794A-4BF1-93DA-FA98A624E0A0}
	EndGlobalSection
EndGlobal
