
Microsoft Visual Studio Solution File, Format Version 12.00
# Visual Studio Version 17
VisualStudioVersion = 17.0.31903.59
MinimumVisualStudioVersion = 10.0.40219.1
Project("{FAE04EC0-301F-11D3-BF4B-00C04F79EFBC}") = "ConsoleApp14", "ConsoleApp14\ConsoleApp14.csproj", "{A8F446EA-5F5D-46E2-A214-8FF654EAE16A}"
EndProject
Global
	GlobalSection(SolutionConfigurationPlatforms) = preSolution
		Debug|Any CPU = Debug|Any CPU
		Release|Any CPU = Release|Any CPU
	EndGlobalSection
	GlobalSection(ProjectConfigurationPlatforms) = postSolution
		{A8F446EA-5F5D-46E2-A214-8FF654EAE16A}.Debug|Any CPU.ActiveCfg = Debug|Any CPU
		{A8F446EA-5F5D-46E2-A214-8FF654EAE16A}.Debug|Any CPU.Build.0 = Debug|Any CPU
		{A8F446EA-5F5D-46E2-A214-8FF654EAE16A}.Release|Any CPU.ActiveCfg = Release|Any CPU
		{A8F446EA-5F5D-46E2-A214-8FF654EAE16A}.Release|Any CPU.Build.0 = Release|Any CPU
	EndGlobalSection
	GlobalSection(SolutionProperties) = preSolution
		HideSolutionNode = FALSE
	EndGlobalSection
	GlobalSection(ExtensibilityGlobals) = postSolution
		SolutionGuid = {5AF82E39-F9A4-4B77-96CC-6B992E761BAF}
	EndGlobalSection
EndGlobal
