
Microsoft Visual Studio Solution File, Format Version 12.00
# Visual Studio Version 17
VisualStudioVersion = 17.0.31903.59
MinimumVisualStudioVersion = 10.0.40219.1
Project("{FAE04EC0-301F-11D3-BF4B-00C04F79EFBC}") = "ConsoleApp29", "ConsoleApp29\ConsoleApp29.csproj", "{F3B2395B-02ED-4D53-BCCB-5A7EB92DC8CD}"
EndProject
Global
	GlobalSection(SolutionConfigurationPlatforms) = preSolution
		Debug|Any CPU = Debug|Any CPU
		Release|Any CPU = Release|Any CPU
	EndGlobalSection
	GlobalSection(ProjectConfigurationPlatforms) = postSolution
		{F3B2395B-02ED-4D53-BCCB-5A7EB92DC8CD}.Debug|Any CPU.ActiveCfg = Debug|Any CPU
		{F3B2395B-02ED-4D53-BCCB-5A7EB92DC8CD}.Debug|Any CPU.Build.0 = Debug|Any CPU
		{F3B2395B-02ED-4D53-BCCB-5A7EB92DC8CD}.Release|Any CPU.ActiveCfg = Release|Any CPU
		{F3B2395B-02ED-4D53-BCCB-5A7EB92DC8CD}.Release|Any CPU.Build.0 = Release|Any CPU
	EndGlobalSection
	GlobalSection(SolutionProperties) = preSolution
		HideSolutionNode = FALSE
	EndGlobalSection
	GlobalSection(ExtensibilityGlobals) = postSolution
		SolutionGuid = {B08B8218-7F63-499A-874B-C6C556E5B850}
	EndGlobalSection
EndGlobal
