
Microsoft Visual Studio Solution File, Format Version 12.00
# Visual Studio Version 16
VisualStudioVersion = 16.0.31729.503
MinimumVisualStudioVersion = 10.0.40219.1
Project("{FAE04EC0-301F-11D3-BF4B-00C04F79EFBC}") = "ConsoleApp59", "ConsoleApp59.csproj", "{8E5C44F8-183D-44E3-ACC2-14DCDA40C0A2}"
EndProject
Global
	GlobalSection(SolutionConfigurationPlatforms) = preSolution
		Debug|Any CPU = Debug|Any CPU
		Release|Any CPU = Release|Any CPU
	EndGlobalSection
	GlobalSection(ProjectConfigurationPlatforms) = postSolution
		{8E5C44F8-183D-44E3-ACC2-14DCDA40C0A2}.Debug|Any CPU.ActiveCfg = Debug|Any CPU
		{8E5C44F8-183D-44E3-ACC2-14DCDA40C0A2}.Debug|Any CPU.Build.0 = Debug|Any CPU
		{8E5C44F8-183D-44E3-ACC2-14DCDA40C0A2}.Release|Any CPU.ActiveCfg = Release|Any CPU
		{8E5C44F8-183D-44E3-ACC2-14DCDA40C0A2}.Release|Any CPU.Build.0 = Release|Any CPU
	EndGlobalSection
	GlobalSection(SolutionProperties) = preSolution
		HideSolutionNode = FALSE
	EndGlobalSection
	GlobalSection(ExtensibilityGlobals) = postSolution
		SolutionGuid = {92F39267-BC2A-4E6C-BF86-E9710BEEB58A}
	EndGlobalSection
EndGlobal
