
Microsoft Visual Studio Solution File, Format Version 12.00
# Visual Studio Version 16
VisualStudioVersion = 16.0.31729.503
MinimumVisualStudioVersion = 10.0.40219.1
Project("{FAE04EC0-301F-11D3-BF4B-00C04F79EFBC}") = "ConsoleApp8", "ConsoleApp8.csproj", "{DD30630C-3D04-4A1E-8CAB-F7AA4D1D7CDA}"
EndProject
Global
	GlobalSection(SolutionConfigurationPlatforms) = preSolution
		Debug|Any CPU = Debug|Any CPU
		Release|Any CPU = Release|Any CPU
	EndGlobalSection
	GlobalSection(ProjectConfigurationPlatforms) = postSolution
		{DD30630C-3D04-4A1E-8CAB-F7AA4D1D7CDA}.Debug|Any CPU.ActiveCfg = Debug|Any CPU
		{DD30630C-3D04-4A1E-8CAB-F7AA4D1D7CDA}.Debug|Any CPU.Build.0 = Debug|Any CPU
		{DD30630C-3D04-4A1E-8CAB-F7AA4D1D7CDA}.Release|Any CPU.ActiveCfg = Release|Any CPU
		{DD30630C-3D04-4A1E-8CAB-F7AA4D1D7CDA}.Release|Any CPU.Build.0 = Release|Any CPU
	EndGlobalSection
	GlobalSection(SolutionProperties) = preSolution
		HideSolutionNode = FALSE
	EndGlobalSection
	GlobalSection(ExtensibilityGlobals) = postSolution
		SolutionGuid = {B4ED36D1-0372-408C-900E-49257C5058C5}
	EndGlobalSection
EndGlobal
