
Microsoft Visual Studio Solution File, Format Version 12.00
# Visual Studio Version 16
VisualStudioVersion = 16.0.31729.503
MinimumVisualStudioVersion = 10.0.40219.1
Project("{FAE04EC0-301F-11D3-BF4B-00C04F79EFBC}") = "ConsoleApp17", "ConsoleApp17.csproj", "{78732508-CAAE-4AA6-8861-39F6A9A523BE}"
EndProject
Global
	GlobalSection(SolutionConfigurationPlatforms) = preSolution
		Debug|Any CPU = Debug|Any CPU
		Release|Any CPU = Release|Any CPU
	EndGlobalSection
	GlobalSection(ProjectConfigurationPlatforms) = postSolution
		{78732508-CAAE-4AA6-8861-39F6A9A523BE}.Debug|Any CPU.ActiveCfg = Debug|Any CPU
		{78732508-CAAE-4AA6-8861-39F6A9A523BE}.Debug|Any CPU.Build.0 = Debug|Any CPU
		{78732508-CAAE-4AA6-8861-39F6A9A523BE}.Release|Any CPU.ActiveCfg = Release|Any CPU
		{78732508-CAAE-4AA6-8861-39F6A9A523BE}.Release|Any CPU.Build.0 = Release|Any CPU
	EndGlobalSection
	GlobalSection(SolutionProperties) = preSolution
		HideSolutionNode = FALSE
	EndGlobalSection
	GlobalSection(ExtensibilityGlobals) = postSolution
		SolutionGuid = {250EA48F-74D1-4C08-A6A2-0F6301F4BE7B}
	EndGlobalSection
EndGlobal
