
Microsoft Visual Studio Solution File, Format Version 12.00
# Visual Studio Version 17
VisualStudioVersion = 17.0.31903.59
MinimumVisualStudioVersion = 10.0.40219.1
Project("{FAE04EC0-301F-11D3-BF4B-00C04F79EFBC}") = "ConsoleApp51", "ConsoleApp51\ConsoleApp51.csproj", "{36C5A956-8A8D-4732-BEAD-E4F23C3D0874}"
EndProject
Global
	GlobalSection(SolutionConfigurationPlatforms) = preSolution
		Debug|Any CPU = Debug|Any CPU
		Release|Any CPU = Release|Any CPU
	EndGlobalSection
	GlobalSection(ProjectConfigurationPlatforms) = postSolution
		{36C5A956-8A8D-4732-BEAD-E4F23C3D0874}.Debug|Any CPU.ActiveCfg = Debug|Any CPU
		{36C5A956-8A8D-4732-BEAD-E4F23C3D0874}.Debug|Any CPU.Build.0 = Debug|Any CPU
		{36C5A956-8A8D-4732-BEAD-E4F23C3D0874}.Release|Any CPU.ActiveCfg = Release|Any CPU
		{36C5A956-8A8D-4732-BEAD-E4F23C3D0874}.Release|Any CPU.Build.0 = Release|Any CPU
	EndGlobalSection
	GlobalSection(SolutionProperties) = preSolution
		HideSolutionNode = FALSE
	EndGlobalSection
	GlobalSection(ExtensibilityGlobals) = postSolution
		SolutionGuid = {0E5F3618-96BA-47A9-A0AE-EAE1B0D16F33}
	EndGlobalSection
EndGlobal
