
Microsoft Visual Studio Solution File, Format Version 12.00
# Visual Studio Version 16
VisualStudioVersion = 16.0.31729.503
MinimumVisualStudioVersion = 10.0.40219.1
Project("{FAE04EC0-301F-11D3-BF4B-00C04F79EFBC}") = "ConsoleApp20", "ConsoleApp20.csproj", "{F9DDEEE4-4DE1-4FA6-91AD-882F25025A0C}"
EndProject
Global
	GlobalSection(SolutionConfigurationPlatforms) = preSolution
		Debug|Any CPU = Debug|Any CPU
		Release|Any CPU = Release|Any CPU
	EndGlobalSection
	GlobalSection(ProjectConfigurationPlatforms) = postSolution
		{F9DDEEE4-4DE1-4FA6-91AD-882F25025A0C}.Debug|Any CPU.ActiveCfg = Debug|Any CPU
		{F9DDEEE4-4DE1-4FA6-91AD-882F25025A0C}.Debug|Any CPU.Build.0 = Debug|Any CPU
		{F9DDEEE4-4DE1-4FA6-91AD-882F25025A0C}.Release|Any CPU.ActiveCfg = Release|Any CPU
		{F9DDEEE4-4DE1-4FA6-91AD-882F25025A0C}.Release|Any CPU.Build.0 = Release|Any CPU
	EndGlobalSection
	GlobalSection(SolutionProperties) = preSolution
		HideSolutionNode = FALSE
	EndGlobalSection
	GlobalSection(ExtensibilityGlobals) = postSolution
		SolutionGuid = {E9B6ED9F-D4E4-42BF-A02B-84EDC8E48587}
	EndGlobalSection
EndGlobal
