
Microsoft Visual Studio Solution File, Format Version 12.00
# Visual Studio Version 17
VisualStudioVersion = 17.0.31903.59
MinimumVisualStudioVersion = 10.0.40219.1
Project("{FAE04EC0-301F-11D3-BF4B-00C04F79EFBC}") = "ConsoleApp5", "ConsoleApp5\ConsoleApp5.csproj", "{5528E9FC-0416-48A4-826D-4ACB6D176395}"
EndProject
Global
	GlobalSection(SolutionConfigurationPlatforms) = preSolution
		Debug|Any CPU = Debug|Any CPU
		Release|Any CPU = Release|Any CPU
	EndGlobalSection
	GlobalSection(ProjectConfigurationPlatforms) = postSolution
		{5528E9FC-0416-48A4-826D-4ACB6D176395}.Debug|Any CPU.ActiveCfg = Debug|Any CPU
		{5528E9FC-0416-48A4-826D-4ACB6D176395}.Debug|Any CPU.Build.0 = Debug|Any CPU
		{5528E9FC-0416-48A4-826D-4ACB6D176395}.Release|Any CPU.ActiveCfg = Release|Any CPU
		{5528E9FC-0416-48A4-826D-4ACB6D176395}.Release|Any CPU.Build.0 = Release|Any CPU
	EndGlobalSection
	GlobalSection(SolutionProperties) = preSolution
		HideSolutionNode = FALSE
	EndGlobalSection
	GlobalSection(ExtensibilityGlobals) = postSolution
		SolutionGuid = {5B4A8066-2DF0-4A47-83A5-D7D354430D86}
	EndGlobalSection
EndGlobal
