
Microsoft Visual Studio Solution File, Format Version 12.00
# Visual Studio Version 17
VisualStudioVersion = 17.0.31903.59
MinimumVisualStudioVersion = 10.0.40219.1
Project("{FAE04EC0-301F-11D3-BF4B-00C04F79EFBC}") = "ConsoleApp70", "ConsoleApp70\ConsoleApp70.csproj", "{E238C28B-B471-46FD-ADD9-61F3B1D373DE}"
EndProject
Global
	GlobalSection(SolutionConfigurationPlatforms) = preSolution
		Debug|Any CPU = Debug|Any CPU
		Release|Any CPU = Release|Any CPU
	EndGlobalSection
	GlobalSection(ProjectConfigurationPlatforms) = postSolution
		{E238C28B-B471-46FD-ADD9-61F3B1D373DE}.Debug|Any CPU.ActiveCfg = Debug|Any CPU
		{E238C28B-B471-46FD-ADD9-61F3B1D373DE}.Debug|Any CPU.Build.0 = Debug|Any CPU
		{E238C28B-B471-46FD-ADD9-61F3B1D373DE}.Release|Any CPU.ActiveCfg = Release|Any CPU
		{E238C28B-B471-46FD-ADD9-61F3B1D373DE}.Release|Any CPU.Build.0 = Release|Any CPU
	EndGlobalSection
	GlobalSection(SolutionProperties) = preSolution
		HideSolutionNode = FALSE
	EndGlobalSection
	GlobalSection(ExtensibilityGlobals) = postSolution
		SolutionGuid = {55F05E55-BC2B-48A0-9492-DA211B7328ED}
	EndGlobalSection
EndGlobal
