
Microsoft Visual Studio Solution File, Format Version 12.00
# Visual Studio Version 16
VisualStudioVersion = 16.0.31729.503
MinimumVisualStudioVersion = 10.0.40219.1
Project("{FAE04EC0-301F-11D3-BF4B-00C04F79EFBC}") = "ConsoleApp29", "ConsoleApp29.csproj", "{61D7E6E5-D8DC-4D9C-A061-E8317FCA0573}"
EndProject
Global
	GlobalSection(SolutionConfigurationPlatforms) = preSolution
		Debug|Any CPU = Debug|Any CPU
		Release|Any CPU = Release|Any CPU
	EndGlobalSection
	GlobalSection(ProjectConfigurationPlatforms) = postSolution
		{61D7E6E5-D8DC-4D9C-A061-E8317FCA0573}.Debug|Any CPU.ActiveCfg = Debug|Any CPU
		{61D7E6E5-D8DC-4D9C-A061-E8317FCA0573}.Debug|Any CPU.Build.0 = Debug|Any CPU
		{61D7E6E5-D8DC-4D9C-A061-E8317FCA0573}.Release|Any CPU.ActiveCfg = Release|Any CPU
		{61D7E6E5-D8DC-4D9C-A061-E8317FCA0573}.Release|Any CPU.Build.0 = Release|Any CPU
	EndGlobalSection
	GlobalSection(SolutionProperties) = preSolution
		HideSolutionNode = FALSE
	EndGlobalSection
	GlobalSection(ExtensibilityGlobals) = postSolution
		SolutionGuid = {56731B7C-6CA6-486E-BFA3-A05ADCFB58E8}
	EndGlobalSection
EndGlobal
