
Microsoft Visual Studio Solution File, Format Version 12.00
# Visual Studio Version 17
VisualStudioVersion = 17.0.31903.59
MinimumVisualStudioVersion = 10.0.40219.1
Project("{FAE04EC0-301F-11D3-BF4B-00C04F79EFBC}") = "ConsoleApp6", "ConsoleApp6\ConsoleApp6.csproj", "{3D08EB10-7E65-493D-8AA9-5BE458252DE8}"
EndProject
Global
	GlobalSection(SolutionConfigurationPlatforms) = preSolution
		Debug|Any CPU = Debug|Any CPU
		Release|Any CPU = Release|Any CPU
	EndGlobalSection
	GlobalSection(ProjectConfigurationPlatforms) = postSolution
		{3D08EB10-7E65-493D-8AA9-5BE458252DE8}.Debug|Any CPU.ActiveCfg = Debug|Any CPU
		{3D08EB10-7E65-493D-8AA9-5BE458252DE8}.Debug|Any CPU.Build.0 = Debug|Any CPU
		{3D08EB10-7E65-493D-8AA9-5BE458252DE8}.Release|Any CPU.ActiveCfg = Release|Any CPU
		{3D08EB10-7E65-493D-8AA9-5BE458252DE8}.Release|Any CPU.Build.0 = Release|Any CPU
	EndGlobalSection
	GlobalSection(SolutionProperties) = preSolution
		HideSolutionNode = FALSE
	EndGlobalSection
	GlobalSection(ExtensibilityGlobals) = postSolution
		SolutionGuid = {6178F9B1-5005-4C3B-B8F0-C951DA75ED09}
	EndGlobalSection
EndGlobal
