
Microsoft Visual Studio Solution File, Format Version 12.00
# Visual Studio Version 16
VisualStudioVersion = 16.0.31729.503
MinimumVisualStudioVersion = 10.0.40219.1
Project("{FAE04EC0-301F-11D3-BF4B-00C04F79EFBC}") = "ConsoleApp15", "ConsoleApp15.csproj", "{2AC88795-8311-4824-9157-6B4CDA40BB12}"
EndProject
Global
	GlobalSection(SolutionConfigurationPlatforms) = preSolution
		Debug|Any CPU = Debug|Any CPU
		Release|Any CPU = Release|Any CPU
	EndGlobalSection
	GlobalSection(ProjectConfigurationPlatforms) = postSolution
		{2AC88795-8311-4824-9157-6B4CDA40BB12}.Debug|Any CPU.ActiveCfg = Debug|Any CPU
		{2AC88795-8311-4824-9157-6B4CDA40BB12}.Debug|Any CPU.Build.0 = Debug|Any CPU
		{2AC88795-8311-4824-9157-6B4CDA40BB12}.Release|Any CPU.ActiveCfg = Release|Any CPU
		{2AC88795-8311-4824-9157-6B4CDA40BB12}.Release|Any CPU.Build.0 = Release|Any CPU
	EndGlobalSection
	GlobalSection(SolutionProperties) = preSolution
		HideSolutionNode = FALSE
	EndGlobalSection
	GlobalSection(ExtensibilityGlobals) = postSolution
		SolutionGuid = {0FF785CC-5121-44C9-B32B-E3B56F7B1896}
	EndGlobalSection
EndGlobal
