
Microsoft Visual Studio Solution File, Format Version 12.00
# Visual Studio Version 17
VisualStudioVersion = 17.0.31903.59
MinimumVisualStudioVersion = 10.0.40219.1
Project("{FAE04EC0-301F-11D3-BF4B-00C04F79EFBC}") = "ConsoleApp48", "ConsoleApp48\ConsoleApp48.csproj", "{0250B6C3-727F-4615-B867-B404C412ABB7}"
EndProject
Global
	GlobalSection(SolutionConfigurationPlatforms) = preSolution
		Debug|Any CPU = Debug|Any CPU
		Release|Any CPU = Release|Any CPU
	EndGlobalSection
	GlobalSection(ProjectConfigurationPlatforms) = postSolution
		{0250B6C3-727F-4615-B867-B404C412ABB7}.Debug|Any CPU.ActiveCfg = Debug|Any CPU
		{0250B6C3-727F-4615-B867-B404C412ABB7}.Debug|Any CPU.Build.0 = Debug|Any CPU
		{0250B6C3-727F-4615-B867-B404C412ABB7}.Release|Any CPU.ActiveCfg = Release|Any CPU
		{0250B6C3-727F-4615-B867-B404C412ABB7}.Release|Any CPU.Build.0 = Release|Any CPU
	EndGlobalSection
	GlobalSection(SolutionProperties) = preSolution
		HideSolutionNode = FALSE
	EndGlobalSection
	GlobalSection(ExtensibilityGlobals) = postSolution
		SolutionGuid = {6010977D-640D-4E8A-BA86-B545D3F8B774}
	EndGlobalSection
EndGlobal
