
Microsoft Visual Studio Solution File, Format Version 12.00
# Visual Studio Version 16
VisualStudioVersion = 16.0.31729.503
MinimumVisualStudioVersion = 10.0.40219.1
Project("{FAE04EC0-301F-11D3-BF4B-00C04F79EFBC}") = "ConsoleApp52", "ConsoleApp52.csproj", "{696ADF26-03D9-488A-9367-6B9FE3AB0B0C}"
EndProject
Global
	GlobalSection(SolutionConfigurationPlatforms) = preSolution
		Debug|Any CPU = Debug|Any CPU
		Release|Any CPU = Release|Any CPU
	EndGlobalSection
	GlobalSection(ProjectConfigurationPlatforms) = postSolution
		{696ADF26-03D9-488A-9367-6B9FE3AB0B0C}.Debug|Any CPU.ActiveCfg = Debug|Any CPU
		{696ADF26-03D9-488A-9367-6B9FE3AB0B0C}.Debug|Any CPU.Build.0 = Debug|Any CPU
		{696ADF26-03D9-488A-9367-6B9FE3AB0B0C}.Release|Any CPU.ActiveCfg = Release|Any CPU
		{696ADF26-03D9-488A-9367-6B9FE3AB0B0C}.Release|Any CPU.Build.0 = Release|Any CPU
	EndGlobalSection
	GlobalSection(SolutionProperties) = preSolution
		HideSolutionNode = FALSE
	EndGlobalSection
	GlobalSection(ExtensibilityGlobals) = postSolution
		SolutionGuid = {52784E11-6DD1-41A2-A887-A9C3B216776D}
	EndGlobalSection
EndGlobal
