
Microsoft Visual Studio Solution File, Format Version 12.00
# Visual Studio Version 17
VisualStudioVersion = 17.0.31903.59
MinimumVisualStudioVersion = 10.0.40219.1
Project("{FAE04EC0-301F-11D3-BF4B-00C04F79EFBC}") = "ConsoleApp43", "ConsoleApp43\ConsoleApp43.csproj", "{103E2DF4-2221-4793-8C6A-FDF37568ADC2}"
EndProject
Global
	GlobalSection(SolutionConfigurationPlatforms) = preSolution
		Debug|Any CPU = Debug|Any CPU
		Release|Any CPU = Release|Any CPU
	EndGlobalSection
	GlobalSection(ProjectConfigurationPlatforms) = postSolution
		{103E2DF4-2221-4793-8C6A-FDF37568ADC2}.Debug|Any CPU.ActiveCfg = Debug|Any CPU
		{103E2DF4-2221-4793-8C6A-FDF37568ADC2}.Debug|Any CPU.Build.0 = Debug|Any CPU
		{103E2DF4-2221-4793-8C6A-FDF37568ADC2}.Release|Any CPU.ActiveCfg = Release|Any CPU
		{103E2DF4-2221-4793-8C6A-FDF37568ADC2}.Release|Any CPU.Build.0 = Release|Any CPU
	EndGlobalSection
	GlobalSection(SolutionProperties) = preSolution
		HideSolutionNode = FALSE
	EndGlobalSection
	GlobalSection(ExtensibilityGlobals) = postSolution
		SolutionGuid = {48C174A4-81B2-445E-A91F-1FC399010922}
	EndGlobalSection
EndGlobal
