
Microsoft Visual Studio Solution File, Format Version 12.00
# Visual Studio Version 17
VisualStudioVersion = 17.0.31903.59
MinimumVisualStudioVersion = 10.0.40219.1
Project("{FAE04EC0-301F-11D3-BF4B-00C04F79EFBC}") = "ConsoleApp1", "ConsoleApp1\ConsoleApp1.csproj", "{D020658E-7273-4A6A-A8B2-AB434E282F20}"
EndProject
Global
	GlobalSection(SolutionConfigurationPlatforms) = preSolution
		Debug|Any CPU = Debug|Any CPU
		Release|Any CPU = Release|Any CPU
	EndGlobalSection
	GlobalSection(ProjectConfigurationPlatforms) = postSolution
		{D020658E-7273-4A6A-A8B2-AB434E282F20}.Debug|Any CPU.ActiveCfg = Debug|Any CPU
		{D020658E-7273-4A6A-A8B2-AB434E282F20}.Debug|Any CPU.Build.0 = Debug|Any CPU
		{D020658E-7273-4A6A-A8B2-AB434E282F20}.Release|Any CPU.ActiveCfg = Release|Any CPU
		{D020658E-7273-4A6A-A8B2-AB434E282F20}.Release|Any CPU.Build.0 = Release|Any CPU
	EndGlobalSection
	GlobalSection(SolutionProperties) = preSolution
		HideSolutionNode = FALSE
	EndGlobalSection
	GlobalSection(ExtensibilityGlobals) = postSolution
		SolutionGuid = {F46D10C8-A7C1-4BF8-9DF7-FBEF7B4E3ADD}
	EndGlobalSection
EndGlobal
