
Microsoft Visual Studio Solution File, Format Version 12.00
# Visual Studio Version 16
VisualStudioVersion = 16.0.31729.503
MinimumVisualStudioVersion = 10.0.40219.1
Project("{FAE04EC0-301F-11D3-BF4B-00C04F79EFBC}") = "ConsoleApp39", "ConsoleApp39.csproj", "{2D30B2FB-0126-4B54-BC52-B25786A13D5B}"
EndProject
Global
	GlobalSection(SolutionConfigurationPlatforms) = preSolution
		Debug|Any CPU = Debug|Any CPU
		Release|Any CPU = Release|Any CPU
	EndGlobalSection
	GlobalSection(ProjectConfigurationPlatforms) = postSolution
		{2D30B2FB-0126-4B54-BC52-B25786A13D5B}.Debug|Any CPU.ActiveCfg = Debug|Any CPU
		{2D30B2FB-0126-4B54-BC52-B25786A13D5B}.Debug|Any CPU.Build.0 = Debug|Any CPU
		{2D30B2FB-0126-4B54-BC52-B25786A13D5B}.Release|Any CPU.ActiveCfg = Release|Any CPU
		{2D30B2FB-0126-4B54-BC52-B25786A13D5B}.Release|Any CPU.Build.0 = Release|Any CPU
	EndGlobalSection
	GlobalSection(SolutionProperties) = preSolution
		HideSolutionNode = FALSE
	EndGlobalSection
	GlobalSection(ExtensibilityGlobals) = postSolution
		SolutionGuid = {F7CB1CED-2A17-4EB7-94B2-771279477A07}
	EndGlobalSection
EndGlobal
