
Microsoft Visual Studio Solution File, Format Version 12.00
# Visual Studio Version 16
VisualStudioVersion = 16.0.31729.503
MinimumVisualStudioVersion = 10.0.40219.1
Project("{FAE04EC0-301F-11D3-BF4B-00C04F79EFBC}") = "ConsoleApp51", "ConsoleApp51.csproj", "{C3A39BF0-C1AE-42B3-AB5A-3E2B45875969}"
EndProject
Global
	GlobalSection(SolutionConfigurationPlatforms) = preSolution
		Debug|Any CPU = Debug|Any CPU
		Release|Any CPU = Release|Any CPU
	EndGlobalSection
	GlobalSection(ProjectConfigurationPlatforms) = postSolution
		{C3A39BF0-C1AE-42B3-AB5A-3E2B45875969}.Debug|Any CPU.ActiveCfg = Debug|Any CPU
		{C3A39BF0-C1AE-42B3-AB5A-3E2B45875969}.Debug|Any CPU.Build.0 = Debug|Any CPU
		{C3A39BF0-C1AE-42B3-AB5A-3E2B45875969}.Release|Any CPU.ActiveCfg = Release|Any CPU
		{C3A39BF0-C1AE-42B3-AB5A-3E2B45875969}.Release|Any CPU.Build.0 = Release|Any CPU
	EndGlobalSection
	GlobalSection(SolutionProperties) = preSolution
		HideSolutionNode = FALSE
	EndGlobalSection
	GlobalSection(ExtensibilityGlobals) = postSolution
		SolutionGuid = {4F9E1C38-C143-4232-9099-2533C0F2100E}
	EndGlobalSection
EndGlobal
