
Microsoft Visual Studio Solution File, Format Version 12.00
# Visual Studio Version 17
VisualStudioVersion = 17.0.31903.59
MinimumVisualStudioVersion = 10.0.40219.1
Project("{FAE04EC0-301F-11D3-BF4B-00C04F79EFBC}") = "ConsoleApp18", "ConsoleApp18\ConsoleApp18.csproj", "{36D490FE-80DF-4E41-831E-A3441A7692C8}"
EndProject
Global
	GlobalSection(SolutionConfigurationPlatforms) = preSolution
		Debug|Any CPU = Debug|Any CPU
		Release|Any CPU = Release|Any CPU
	EndGlobalSection
	GlobalSection(ProjectConfigurationPlatforms) = postSolution
		{36D490FE-80DF-4E41-831E-A3441A7692C8}.Debug|Any CPU.ActiveCfg = Debug|Any CPU
		{36D490FE-80DF-4E41-831E-A3441A7692C8}.Debug|Any CPU.Build.0 = Debug|Any CPU
		{36D490FE-80DF-4E41-831E-A3441A7692C8}.Release|Any CPU.ActiveCfg = Release|Any CPU
		{36D490FE-80DF-4E41-831E-A3441A7692C8}.Release|Any CPU.Build.0 = Release|Any CPU
	EndGlobalSection
	GlobalSection(SolutionProperties) = preSolution
		HideSolutionNode = FALSE
	EndGlobalSection
	GlobalSection(ExtensibilityGlobals) = postSolution
		SolutionGuid = {1A827FBB-26F9-4E50-B54F-8D27647C5538}
	EndGlobalSection
EndGlobal
