
Microsoft Visual Studio Solution File, Format Version 12.00
# Visual Studio Version 16
VisualStudioVersion = 16.0.31729.503
MinimumVisualStudioVersion = 10.0.40219.1
Project("{FAE04EC0-301F-11D3-BF4B-00C04F79EFBC}") = "ConsoleApp17", "ConsoleApp17.csproj", "{3C8016FA-0333-4198-A26B-374B41949DDD}"
EndProject
Global
	GlobalSection(SolutionConfigurationPlatforms) = preSolution
		Debug|Any CPU = Debug|Any CPU
		Release|Any CPU = Release|Any CPU
	EndGlobalSection
	GlobalSection(ProjectConfigurationPlatforms) = postSolution
		{3C8016FA-0333-4198-A26B-374B41949DDD}.Debug|Any CPU.ActiveCfg = Debug|Any CPU
		{3C8016FA-0333-4198-A26B-374B41949DDD}.Debug|Any CPU.Build.0 = Debug|Any CPU
		{3C8016FA-0333-4198-A26B-374B41949DDD}.Release|Any CPU.ActiveCfg = Release|Any CPU
		{3C8016FA-0333-4198-A26B-374B41949DDD}.Release|Any CPU.Build.0 = Release|Any CPU
	EndGlobalSection
	GlobalSection(SolutionProperties) = preSolution
		HideSolutionNode = FALSE
	EndGlobalSection
	GlobalSection(ExtensibilityGlobals) = postSolution
		SolutionGuid = {567F857E-8378-4A8B-A5F3-7FB1291215B9}
	EndGlobalSection
EndGlobal
