
Microsoft Visual Studio Solution File, Format Version 12.00
# Visual Studio Version 17
VisualStudioVersion = 17.0.31903.59
MinimumVisualStudioVersion = 10.0.40219.1
Project("{FAE04EC0-301F-11D3-BF4B-00C04F79EFBC}") = "ConsoleApp32", "ConsoleApp32\ConsoleApp32.csproj", "{7C5E6070-E889-4E5F-90CC-E2176160756C}"
EndProject
Global
	GlobalSection(SolutionConfigurationPlatforms) = preSolution
		Debug|Any CPU = Debug|Any CPU
		Release|Any CPU = Release|Any CPU
	EndGlobalSection
	GlobalSection(ProjectConfigurationPlatforms) = postSolution
		{7C5E6070-E889-4E5F-90CC-E2176160756C}.Debug|Any CPU.ActiveCfg = Debug|Any CPU
		{7C5E6070-E889-4E5F-90CC-E2176160756C}.Debug|Any CPU.Build.0 = Debug|Any CPU
		{7C5E6070-E889-4E5F-90CC-E2176160756C}.Release|Any CPU.ActiveCfg = Release|Any CPU
		{7C5E6070-E889-4E5F-90CC-E2176160756C}.Release|Any CPU.Build.0 = Release|Any CPU
	EndGlobalSection
	GlobalSection(SolutionProperties) = preSolution
		HideSolutionNode = FALSE
	EndGlobalSection
	GlobalSection(ExtensibilityGlobals) = postSolution
		SolutionGuid = {2C20DD3A-7E2C-4542-A29A-70567DDC1E51}
	EndGlobalSection
EndGlobal
