
Microsoft Visual Studio Solution File, Format Version 12.00
# Visual Studio Version 16
VisualStudioVersion = 16.0.31729.503
MinimumVisualStudioVersion = 10.0.40219.1
Project("{FAE04EC0-301F-11D3-BF4B-00C04F79EFBC}") = "IrenStProject4", "IrenStProject4.csproj", "{3D613241-2E86-409A-89F8-BE0B3A1F0E05}"
EndProject
Global
	GlobalSection(SolutionConfigurationPlatforms) = preSolution
		Debug|Any CPU = Debug|Any CPU
		Release|Any CPU = Release|Any CPU
	EndGlobalSection
	GlobalSection(ProjectConfigurationPlatforms) = postSolution
		{3D613241-2E86-409A-89F8-BE0B3A1F0E05}.Debug|Any CPU.ActiveCfg = Debug|Any CPU
		{3D613241-2E86-409A-89F8-BE0B3A1F0E05}.Debug|Any CPU.Build.0 = Debug|Any CPU
		{3D613241-2E86-409A-89F8-BE0B3A1F0E05}.Release|Any CPU.ActiveCfg = Release|Any CPU
		{3D613241-2E86-409A-89F8-BE0B3A1F0E05}.Release|Any CPU.Build.0 = Release|Any CPU
	EndGlobalSection
	GlobalSection(SolutionProperties) = preSolution
		HideSolutionNode = FALSE
	EndGlobalSection
	GlobalSection(ExtensibilityGlobals) = postSolution
		SolutionGuid = {A0FC2829-A595-4151-8C4A-D8BDB9FF6BD7}
	EndGlobalSection
EndGlobal
