
Microsoft Visual Studio Solution File, Format Version 12.00
# Visual Studio Version 16
VisualStudioVersion = 16.0.31729.503
MinimumVisualStudioVersion = 10.0.40219.1
Project("{FAE04EC0-301F-11D3-BF4B-00C04F79EFBC}") = "ConsoleApp23", "ConsoleApp23.csproj", "{C62DECC4-7C37-4EF9-9A11-4C1DE73EA9EC}"
EndProject
Global
	GlobalSection(SolutionConfigurationPlatforms) = preSolution
		Debug|Any CPU = Debug|Any CPU
		Release|Any CPU = Release|Any CPU
	EndGlobalSection
	GlobalSection(ProjectConfigurationPlatforms) = postSolution
		{C62DECC4-7C37-4EF9-9A11-4C1DE73EA9EC}.Debug|Any CPU.ActiveCfg = Debug|Any CPU
		{C62DECC4-7C37-4EF9-9A11-4C1DE73EA9EC}.Debug|Any CPU.Build.0 = Debug|Any CPU
		{C62DECC4-7C37-4EF9-9A11-4C1DE73EA9EC}.Release|Any CPU.ActiveCfg = Release|Any CPU
		{C62DECC4-7C37-4EF9-9A11-4C1DE73EA9EC}.Release|Any CPU.Build.0 = Release|Any CPU
	EndGlobalSection
	GlobalSection(SolutionProperties) = preSolution
		HideSolutionNode = FALSE
	EndGlobalSection
	GlobalSection(ExtensibilityGlobals) = postSolution
		SolutionGuid = {D694C8BE-5B5F-410A-A0CE-1874B8AF50B6}
	EndGlobalSection
EndGlobal
