
Microsoft Visual Studio Solution File, Format Version 12.00
# Visual Studio Version 17
VisualStudioVersion = 17.0.31903.59
MinimumVisualStudioVersion = 10.0.40219.1
Project("{FAE04EC0-301F-11D3-BF4B-00C04F79EFBC}") = "ConsoleApp1", "ConsoleApp1\ConsoleApp1.csproj", "{C265C4EF-4E5E-4E8F-8C99-B4A148CB0B26}"
EndProject
Global
	GlobalSection(SolutionConfigurationPlatforms) = preSolution
		Debug|Any CPU = Debug|Any CPU
		Release|Any CPU = Release|Any CPU
	EndGlobalSection
	GlobalSection(ProjectConfigurationPlatforms) = postSolution
		{C265C4EF-4E5E-4E8F-8C99-B4A148CB0B26}.Debug|Any CPU.ActiveCfg = Debug|Any CPU
		{C265C4EF-4E5E-4E8F-8C99-B4A148CB0B26}.Debug|Any CPU.Build.0 = Debug|Any CPU
		{C265C4EF-4E5E-4E8F-8C99-B4A148CB0B26}.Release|Any CPU.ActiveCfg = Release|Any CPU
		{C265C4EF-4E5E-4E8F-8C99-B4A148CB0B26}.Release|Any CPU.Build.0 = Release|Any CPU
	EndGlobalSection
	GlobalSection(SolutionProperties) = preSolution
		HideSolutionNode = FALSE
	EndGlobalSection
	GlobalSection(ExtensibilityGlobals) = postSolution
		SolutionGuid = {F9EA4901-7C90-4A3E-A691-5381FCDA6F30}
	EndGlobalSection
EndGlobal
