
Microsoft Visual Studio Solution File, Format Version 12.00
# Visual Studio Version 16
VisualStudioVersion = 16.0.31729.503
MinimumVisualStudioVersion = 10.0.40219.1
Project("{FAE04EC0-301F-11D3-BF4B-00C04F79EFBC}") = "ConsoleApp22", "ConsoleApp22.csproj", "{5325C906-857D-48E8-B7E8-5CAA6C013F61}"
EndProject
Global
	GlobalSection(SolutionConfigurationPlatforms) = preSolution
		Debug|Any CPU = Debug|Any CPU
		Release|Any CPU = Release|Any CPU
	EndGlobalSection
	GlobalSection(ProjectConfigurationPlatforms) = postSolution
		{5325C906-857D-48E8-B7E8-5CAA6C013F61}.Debug|Any CPU.ActiveCfg = Debug|Any CPU
		{5325C906-857D-48E8-B7E8-5CAA6C013F61}.Debug|Any CPU.Build.0 = Debug|Any CPU
		{5325C906-857D-48E8-B7E8-5CAA6C013F61}.Release|Any CPU.ActiveCfg = Release|Any CPU
		{5325C906-857D-48E8-B7E8-5CAA6C013F61}.Release|Any CPU.Build.0 = Release|Any CPU
	EndGlobalSection
	GlobalSection(SolutionProperties) = preSolution
		HideSolutionNode = FALSE
	EndGlobalSection
	GlobalSection(ExtensibilityGlobals) = postSolution
		SolutionGuid = {88C7BE13-632D-45E7-957C-F811D0BBC736}
	EndGlobalSection
EndGlobal
