
Microsoft Visual Studio Solution File, Format Version 12.00
# Visual Studio Version 17
VisualStudioVersion = 17.0.31903.59
MinimumVisualStudioVersion = 10.0.40219.1
Project("{FAE04EC0-301F-11D3-BF4B-00C04F79EFBC}") = "ConsoleApp3", "ConsoleApp3\ConsoleApp3.csproj", "{872A911F-984C-4B4F-B1E5-9EE97E711156}"
EndProject
Global
	GlobalSection(SolutionConfigurationPlatforms) = preSolution
		Debug|Any CPU = Debug|Any CPU
		Release|Any CPU = Release|Any CPU
	EndGlobalSection
	GlobalSection(ProjectConfigurationPlatforms) = postSolution
		{872A911F-984C-4B4F-B1E5-9EE97E711156}.Debug|Any CPU.ActiveCfg = Debug|Any CPU
		{872A911F-984C-4B4F-B1E5-9EE97E711156}.Debug|Any CPU.Build.0 = Debug|Any CPU
		{872A911F-984C-4B4F-B1E5-9EE97E711156}.Release|Any CPU.ActiveCfg = Release|Any CPU
		{872A911F-984C-4B4F-B1E5-9EE97E711156}.Release|Any CPU.Build.0 = Release|Any CPU
	EndGlobalSection
	GlobalSection(SolutionProperties) = preSolution
		HideSolutionNode = FALSE
	EndGlobalSection
	GlobalSection(ExtensibilityGlobals) = postSolution
		SolutionGuid = {311C1D5C-C43F-42A7-8C19-5B479748A20B}
	EndGlobalSection
EndGlobal
