
Microsoft Visual Studio Solution File, Format Version 12.00
# Visual Studio Version 16
VisualStudioVersion = 16.0.31729.503
MinimumVisualStudioVersion = 10.0.40219.1
Project("{8BC9CEB8-8B4A-11D0-8D11-00A0C91BC942}") = "ConsoleApplication1", "ConsoleApplication1\ConsoleApplication1.vcxproj", "{EAF80281-228A-4640-8208-BE348EF28A73}"
EndProject
Global
	GlobalSection(SolutionConfigurationPlatforms) = preSolution
		Debug|x64 = Debug|x64
		Debug|x86 = Debug|x86
		Release|x64 = Release|x64
		Release|x86 = Release|x86
	EndGlobalSection
	GlobalSection(ProjectConfigurationPlatforms) = postSolution
		{EAF80281-228A-4640-8208-BE348EF28A73}.Debug|x64.ActiveCfg = Debug|x64
		{EAF80281-228A-4640-8208-BE348EF28A73}.Debug|x64.Build.0 = Debug|x64
		{EAF80281-228A-4640-8208-BE348EF28A73}.Debug|x86.ActiveCfg = Debug|Win32
		{EAF80281-228A-4640-8208-BE348EF28A73}.Debug|x86.Build.0 = Debug|Win32
		{EAF80281-228A-4640-8208-BE348EF28A73}.Release|x64.ActiveCfg = Release|x64
		{EAF80281-228A-4640-8208-BE348EF28A73}.Release|x64.Build.0 = Release|x64
		{EAF80281-228A-4640-8208-BE348EF28A73}.Release|x86.ActiveCfg = Release|Win32
		{EAF80281-228A-4640-8208-BE348EF28A73}.Release|x86.Build.0 = Release|Win32
	EndGlobalSection
	GlobalSection(SolutionProperties) = preSolution
		HideSolutionNode = FALSE
	EndGlobalSection
	GlobalSection(ExtensibilityGlobals) = postSolution
		SolutionGuid = {DC29A120-7AE8-4678-A1B4-069D423568D6}
	EndGlobalSection
EndGlobal
