
Microsoft Visual Studio Solution File, Format Version 12.00
# Visual Studio Version 17
VisualStudioVersion = 17.0.31903.59
MinimumVisualStudioVersion = 10.0.40219.1
Project("{FAE04EC0-301F-11D3-BF4B-00C04F79EFBC}") = "ConsoleApp20", "ConsoleApp20\ConsoleApp20.csproj", "{F66DD6DB-F8C1-4E4F-936F-8A468602A15E}"
EndProject
Global
	GlobalSection(SolutionConfigurationPlatforms) = preSolution
		Debug|Any CPU = Debug|Any CPU
		Release|Any CPU = Release|Any CPU
	EndGlobalSection
	GlobalSection(ProjectConfigurationPlatforms) = postSolution
		{F66DD6DB-F8C1-4E4F-936F-8A468602A15E}.Debug|Any CPU.ActiveCfg = Debug|Any CPU
		{F66DD6DB-F8C1-4E4F-936F-8A468602A15E}.Debug|Any CPU.Build.0 = Debug|Any CPU
		{F66DD6DB-F8C1-4E4F-936F-8A468602A15E}.Release|Any CPU.ActiveCfg = Release|Any CPU
		{F66DD6DB-F8C1-4E4F-936F-8A468602A15E}.Release|Any CPU.Build.0 = Release|Any CPU
	EndGlobalSection
	GlobalSection(SolutionProperties) = preSolution
		HideSolutionNode = FALSE
	EndGlobalSection
	GlobalSection(ExtensibilityGlobals) = postSolution
		SolutionGuid = {10A3E780-9D90-43CE-994C-F01939DA05D8}
	EndGlobalSection
EndGlobal
