
Microsoft Visual Studio Solution File, Format Version 12.00
# Visual Studio Version 16
VisualStudioVersion = 16.0.31729.503
MinimumVisualStudioVersion = 10.0.40219.1
Project("{FAE04EC0-301F-11D3-BF4B-00C04F79EFBC}") = "ConsoleApp42", "ConsoleApp42.csproj", "{676E75B9-5B9F-46A2-8E90-8DC00453429F}"
EndProject
Global
	GlobalSection(SolutionConfigurationPlatforms) = preSolution
		Debug|Any CPU = Debug|Any CPU
		Release|Any CPU = Release|Any CPU
	EndGlobalSection
	GlobalSection(ProjectConfigurationPlatforms) = postSolution
		{676E75B9-5B9F-46A2-8E90-8DC00453429F}.Debug|Any CPU.ActiveCfg = Debug|Any CPU
		{676E75B9-5B9F-46A2-8E90-8DC00453429F}.Debug|Any CPU.Build.0 = Debug|Any CPU
		{676E75B9-5B9F-46A2-8E90-8DC00453429F}.Release|Any CPU.ActiveCfg = Release|Any CPU
		{676E75B9-5B9F-46A2-8E90-8DC00453429F}.Release|Any CPU.Build.0 = Release|Any CPU
	EndGlobalSection
	GlobalSection(SolutionProperties) = preSolution
		HideSolutionNode = FALSE
	EndGlobalSection
	GlobalSection(ExtensibilityGlobals) = postSolution
		SolutionGuid = {C314BDA1-2714-4A9E-A7A6-BFDCC8D85120}
	EndGlobalSection
EndGlobal
