
Microsoft Visual Studio Solution File, Format Version 12.00
# Visual Studio Version 17
VisualStudioVersion = 17.0.31903.59
MinimumVisualStudioVersion = 10.0.40219.1
Project("{FAE04EC0-301F-11D3-BF4B-00C04F79EFBC}") = "ConsoleApp54", "ConsoleApp54\ConsoleApp54.csproj", "{E190D486-9A00-4475-B68C-7F6821AFE092}"
EndProject
Global
	GlobalSection(SolutionConfigurationPlatforms) = preSolution
		Debug|Any CPU = Debug|Any CPU
		Release|Any CPU = Release|Any CPU
	EndGlobalSection
	GlobalSection(ProjectConfigurationPlatforms) = postSolution
		{E190D486-9A00-4475-B68C-7F6821AFE092}.Debug|Any CPU.ActiveCfg = Debug|Any CPU
		{E190D486-9A00-4475-B68C-7F6821AFE092}.Debug|Any CPU.Build.0 = Debug|Any CPU
		{E190D486-9A00-4475-B68C-7F6821AFE092}.Release|Any CPU.ActiveCfg = Release|Any CPU
		{E190D486-9A00-4475-B68C-7F6821AFE092}.Release|Any CPU.Build.0 = Release|Any CPU
	EndGlobalSection
	GlobalSection(SolutionProperties) = preSolution
		HideSolutionNode = FALSE
	EndGlobalSection
	GlobalSection(ExtensibilityGlobals) = postSolution
		SolutionGuid = {1FFC61CE-C2C7-4A71-AC30-53C6BDEB5A0E}
	EndGlobalSection
EndGlobal
