
Microsoft Visual Studio Solution File, Format Version 12.00
# Visual Studio Version 16
VisualStudioVersion = 16.0.31729.503
MinimumVisualStudioVersion = 10.0.40219.1
Project("{FAE04EC0-301F-11D3-BF4B-00C04F79EFBC}") = "ConsoleApp66", "ConsoleApp66.csproj", "{5C231B44-A378-4BFB-918C-B83E279859ED}"
EndProject
Global
	GlobalSection(SolutionConfigurationPlatforms) = preSolution
		Debug|Any CPU = Debug|Any CPU
		Release|Any CPU = Release|Any CPU
	EndGlobalSection
	GlobalSection(ProjectConfigurationPlatforms) = postSolution
		{5C231B44-A378-4BFB-918C-B83E279859ED}.Debug|Any CPU.ActiveCfg = Debug|Any CPU
		{5C231B44-A378-4BFB-918C-B83E279859ED}.Debug|Any CPU.Build.0 = Debug|Any CPU
		{5C231B44-A378-4BFB-918C-B83E279859ED}.Release|Any CPU.ActiveCfg = Release|Any CPU
		{5C231B44-A378-4BFB-918C-B83E279859ED}.Release|Any CPU.Build.0 = Release|Any CPU
	EndGlobalSection
	GlobalSection(SolutionProperties) = preSolution
		HideSolutionNode = FALSE
	EndGlobalSection
	GlobalSection(ExtensibilityGlobals) = postSolution
		SolutionGuid = {650201E8-6E45-4355-9BCD-06A340BA8252}
	EndGlobalSection
EndGlobal
