
Microsoft Visual Studio Solution File, Format Version 12.00
# Visual Studio Version 16
VisualStudioVersion = 16.0.31729.503
MinimumVisualStudioVersion = 10.0.40219.1
Project("{FAE04EC0-301F-11D3-BF4B-00C04F79EFBC}") = "ConsoleApp42", "ConsoleApp42.csproj", "{D0FA514F-2DD1-4BDE-A2CF-A09103570869}"
EndProject
Global
	GlobalSection(SolutionConfigurationPlatforms) = preSolution
		Debug|Any CPU = Debug|Any CPU
		Release|Any CPU = Release|Any CPU
	EndGlobalSection
	GlobalSection(ProjectConfigurationPlatforms) = postSolution
		{D0FA514F-2DD1-4BDE-A2CF-A09103570869}.Debug|Any CPU.ActiveCfg = Debug|Any CPU
		{D0FA514F-2DD1-4BDE-A2CF-A09103570869}.Debug|Any CPU.Build.0 = Debug|Any CPU
		{D0FA514F-2DD1-4BDE-A2CF-A09103570869}.Release|Any CPU.ActiveCfg = Release|Any CPU
		{D0FA514F-2DD1-4BDE-A2CF-A09103570869}.Release|Any CPU.Build.0 = Release|Any CPU
	EndGlobalSection
	GlobalSection(SolutionProperties) = preSolution
		HideSolutionNode = FALSE
	EndGlobalSection
	GlobalSection(ExtensibilityGlobals) = postSolution
		SolutionGuid = {2A3AB7CF-1F01-451E-A726-2DB7D410004A}
	EndGlobalSection
EndGlobal
